
Microsoft Visual Studio Solution File, Format Version 12.00
# Visual Studio Version 17
VisualStudioVersion = 17.0.32112.339
MinimumVisualStudioVersion = 10.0.40219.1
Project("{FAE04EC0-301F-11D3-BF4B-00C04F79EFBC}") = "RVM", "RVM\RVM.csproj", "{07DAB60B-4CC8-4E78-83CB-D8C637A47F14}"
EndProject
Global
	GlobalSection(SolutionConfigurationPlatforms) = preSolution
		Debug|Any CPU = Debug|Any CPU
		Release|Any CPU = Release|Any CPU
	EndGlobalSection
	GlobalSection(ProjectConfigurationPlatforms) = postSolution
		{07DAB60B-4CC8-4E78-83CB-D8C637A47F14}.Debug|Any CPU.ActiveCfg = Debug|Any CPU
		{07DAB60B-4CC8-4E78-83CB-D8C637A47F14}.Debug|Any CPU.Build.0 = Debug|Any CPU
		{07DAB60B-4CC8-4E78-83CB-D8C637A47F14}.Release|Any CPU.ActiveCfg = Release|Any CPU
		{07DAB60B-4CC8-4E78-83CB-D8C637A47F14}.Release|Any CPU.Build.0 = Release|Any CPU
	EndGlobalSection
	GlobalSection(SolutionProperties) = preSolution
		HideSolutionNode = FALSE
	EndGlobalSection
	GlobalSection(ExtensibilityGlobals) = postSolution
		SolutionGuid = {63209D7E-2E01-4D48-AAE3-5AAD41578607}
	EndGlobalSection
EndGlobal
